
Microsoft Visual Studio Solution File, Format Version 12.00
# Visual Studio 15
VisualStudioVersion = 15.0.28010.2016
MinimumVisualStudioVersion = 10.0.40219.1
Project("{FAE04EC0-301F-11D3-BF4B-00C04F79EFBC}") = "SisAluguel", "SisAluguel\SisAluguel.csproj", "{64F60AA3-C326-4750-977B-8EAEF83333C6}"
EndProject
Project("{FAE04EC0-301F-11D3-BF4B-00C04F79EFBC}") = "Data", "Data\Data.csproj", "{DDE636C0-B29F-4E17-B589-E1B5C78C5313}"
EndProject
Project("{FAE04EC0-301F-11D3-BF4B-00C04F79EFBC}") = "DependencyInjection", "DependencyInjection\DependencyInjection.csproj", "{4D4956F2-6C20-414D-997C-B9A0D2BFFBA1}"
EndProject
Global
	GlobalSection(SolutionConfigurationPlatforms) = preSolution
		Debug|Any CPU = Debug|Any CPU
		Release|Any CPU = Release|Any CPU
	EndGlobalSection
	GlobalSection(ProjectConfigurationPlatforms) = postSolution
		{64F60AA3-C326-4750-977B-8EAEF83333C6}.Debug|Any CPU.ActiveCfg = Debug|Any CPU
		{64F60AA3-C326-4750-977B-8EAEF83333C6}.Debug|Any CPU.Build.0 = Debug|Any CPU
		{64F60AA3-C326-4750-977B-8EAEF83333C6}.Release|Any CPU.ActiveCfg = Release|Any CPU
		{64F60AA3-C326-4750-977B-8EAEF83333C6}.Release|Any CPU.Build.0 = Release|Any CPU
		{DDE636C0-B29F-4E17-B589-E1B5C78C5313}.Debug|Any CPU.ActiveCfg = Debug|Any CPU
		{DDE636C0-B29F-4E17-B589-E1B5C78C5313}.Debug|Any CPU.Build.0 = Debug|Any CPU
		{DDE636C0-B29F-4E17-B589-E1B5C78C5313}.Release|Any CPU.ActiveCfg = Release|Any CPU
		{DDE636C0-B29F-4E17-B589-E1B5C78C5313}.Release|Any CPU.Build.0 = Release|Any CPU
		{4D4956F2-6C20-414D-997C-B9A0D2BFFBA1}.Debug|Any CPU.ActiveCfg = Debug|Any CPU
		{4D4956F2-6C20-414D-997C-B9A0D2BFFBA1}.Debug|Any CPU.Build.0 = Debug|Any CPU
		{4D4956F2-6C20-414D-997C-B9A0D2BFFBA1}.Release|Any CPU.ActiveCfg = Release|Any CPU
		{4D4956F2-6C20-414D-997C-B9A0D2BFFBA1}.Release|Any CPU.Build.0 = Release|Any CPU
	EndGlobalSection
	GlobalSection(SolutionProperties) = preSolution
		HideSolutionNode = FALSE
	EndGlobalSection
	GlobalSection(ExtensibilityGlobals) = postSolution
		SolutionGuid = {D57D0E1B-B85E-4D47-868E-7DC17A75B40F}
	EndGlobalSection
EndGlobal
